
Microsoft Visual Studio Solution File, Format Version 12.00
# Visual Studio 15
VisualStudioVersion = 15.0.26730.15
MinimumVisualStudioVersion = 10.0.40219.1
Project("{FAE04EC0-301F-11D3-BF4B-00C04F79EFBC}") = "ContactAPI", "ContactAPI\ContactAPI.csproj", "{BA0A3BF1-BCE5-4770-940F-C7F4C09C23F6}"
EndProject
Global
	GlobalSection(SolutionConfigurationPlatforms) = preSolution
		Debug|Any CPU = Debug|Any CPU
		Release|Any CPU = Release|Any CPU
	EndGlobalSection
	GlobalSection(ProjectConfigurationPlatforms) = postSolution
		{BA0A3BF1-BCE5-4770-940F-C7F4C09C23F6}.Debug|Any CPU.ActiveCfg = Debug|Any CPU
		{BA0A3BF1-BCE5-4770-940F-C7F4C09C23F6}.Debug|Any CPU.Build.0 = Debug|Any CPU
		{BA0A3BF1-BCE5-4770-940F-C7F4C09C23F6}.Release|Any CPU.ActiveCfg = Release|Any CPU
		{BA0A3BF1-BCE5-4770-940F-C7F4C09C23F6}.Release|Any CPU.Build.0 = Release|Any CPU
	EndGlobalSection
	GlobalSection(SolutionProperties) = preSolution
		HideSolutionNode = FALSE
	EndGlobalSection
	GlobalSection(ExtensibilityGlobals) = postSolution
		SolutionGuid = {E1B9A39A-E4C3-4BF7-BD51-3C0DDED03B96}
	EndGlobalSection
EndGlobal
